
Microsoft Visual Studio Solution File, Format Version 12.00
# Visual Studio Version 16
VisualStudioVersion = 16.0.29209.152
MinimumVisualStudioVersion = 10.0.40219.1
Project("{2150E333-8FDC-42A3-9474-1A3956D46DE8}") = "1 Api", "1 Api", "{9EE03189-18D2-4EA5-9913-411A3F689D86}"
EndProject
Project("{2150E333-8FDC-42A3-9474-1A3956D46DE8}") = "2 Business", "2 Business", "{6E291B39-059B-4AA6-AC6D-6F2A934FA6BB}"
EndProject
Project("{2150E333-8FDC-42A3-9474-1A3956D46DE8}") = "3 Infra", "3 Infra", "{AC0FFEDF-EF8E-431A-BF0E-B470614BB056}"
EndProject
Project("{2150E333-8FDC-42A3-9474-1A3956D46DE8}") = "3.1 Data", "3.1 Data", "{21D1D774-19C9-4C00-BDA0-B0BBC7E21EF2}"
EndProject
Project("{2150E333-8FDC-42A3-9474-1A3956D46DE8}") = "3.2 CrossCutting", "3.2 CrossCutting", "{B4420A83-CD46-493F-A93C-A722205D97A0}"
EndProject
Project("{9A19103F-16F7-4668-BE54-9A1E7A4F7556}") = "Api", "Api\Api.csproj", "{B270431E-607A-4BBD-B210-A765EC741556}"
EndProject
Project("{9A19103F-16F7-4668-BE54-9A1E7A4F7556}") = "Business", "Business\Business.csproj", "{40C17A5C-7F44-4197-A914-B522FB1093F7}"
EndProject
Project("{9A19103F-16F7-4668-BE54-9A1E7A4F7556}") = "Models", "Models\Models.csproj", "{8D5BC7C5-F43B-4151-A576-529C3631288A}"
EndProject
Project("{9A19103F-16F7-4668-BE54-9A1E7A4F7556}") = "Data", "Data\Data.csproj", "{5D081A9C-56A7-4265-AE14-417E67F63FC8}"
EndProject
Project("{9A19103F-16F7-4668-BE54-9A1E7A4F7556}") = "Utils", "Utils\Utils.csproj", "{7704C1AD-7FD5-4A45-AE92-7DF3513C4D97}"
EndProject
Project("{9A19103F-16F7-4668-BE54-9A1E7A4F7556}") = "IoC", "IoC\IoC.csproj", "{499C58E4-2C5B-4021-8494-75D968D59B9C}"
EndProject
Project("{9A19103F-16F7-4668-BE54-9A1E7A4F7556}") = "SystemConfig", "SystemConfig\SystemConfig.csproj", "{76CC03B4-DBE7-4725-A07E-BD27513C5C7B}"
EndProject
Project("{2150E333-8FDC-42A3-9474-1A3956D46DE8}") = "4 Tests", "4 Tests", "{3739B39B-0B4B-44CC-9A74-497CFE676E9B}"
EndProject
Project("{FAE04EC0-301F-11D3-BF4B-00C04F79EFBC}") = "Tests", "Tests\Tests.csproj", "{6C9EFC57-FBB5-4E1D-8169-18AB7D2078FE}"
EndProject
Global
	GlobalSection(SolutionConfigurationPlatforms) = preSolution
		Debug|Any CPU = Debug|Any CPU
		Release|Any CPU = Release|Any CPU
	EndGlobalSection
	GlobalSection(ProjectConfigurationPlatforms) = postSolution
		{B270431E-607A-4BBD-B210-A765EC741556}.Debug|Any CPU.ActiveCfg = Debug|Any CPU
		{B270431E-607A-4BBD-B210-A765EC741556}.Debug|Any CPU.Build.0 = Debug|Any CPU
		{B270431E-607A-4BBD-B210-A765EC741556}.Release|Any CPU.ActiveCfg = Release|Any CPU
		{B270431E-607A-4BBD-B210-A765EC741556}.Release|Any CPU.Build.0 = Release|Any CPU
		{40C17A5C-7F44-4197-A914-B522FB1093F7}.Debug|Any CPU.ActiveCfg = Debug|Any CPU
		{40C17A5C-7F44-4197-A914-B522FB1093F7}.Debug|Any CPU.Build.0 = Debug|Any CPU
		{40C17A5C-7F44-4197-A914-B522FB1093F7}.Release|Any CPU.ActiveCfg = Release|Any CPU
		{40C17A5C-7F44-4197-A914-B522FB1093F7}.Release|Any CPU.Build.0 = Release|Any CPU
		{8D5BC7C5-F43B-4151-A576-529C3631288A}.Debug|Any CPU.ActiveCfg = Debug|Any CPU
		{8D5BC7C5-F43B-4151-A576-529C3631288A}.Debug|Any CPU.Build.0 = Debug|Any CPU
		{8D5BC7C5-F43B-4151-A576-529C3631288A}.Release|Any CPU.ActiveCfg = Release|Any CPU
		{8D5BC7C5-F43B-4151-A576-529C3631288A}.Release|Any CPU.Build.0 = Release|Any CPU
		{5D081A9C-56A7-4265-AE14-417E67F63FC8}.Debug|Any CPU.ActiveCfg = Debug|Any CPU
		{5D081A9C-56A7-4265-AE14-417E67F63FC8}.Debug|Any CPU.Build.0 = Debug|Any CPU
		{5D081A9C-56A7-4265-AE14-417E67F63FC8}.Release|Any CPU.ActiveCfg = Release|Any CPU
		{5D081A9C-56A7-4265-AE14-417E67F63FC8}.Release|Any CPU.Build.0 = Release|Any CPU
		{7704C1AD-7FD5-4A45-AE92-7DF3513C4D97}.Debug|Any CPU.ActiveCfg = Debug|Any CPU
		{7704C1AD-7FD5-4A45-AE92-7DF3513C4D97}.Debug|Any CPU.Build.0 = Debug|Any CPU
		{7704C1AD-7FD5-4A45-AE92-7DF3513C4D97}.Release|Any CPU.ActiveCfg = Release|Any CPU
		{7704C1AD-7FD5-4A45-AE92-7DF3513C4D97}.Release|Any CPU.Build.0 = Release|Any CPU
		{499C58E4-2C5B-4021-8494-75D968D59B9C}.Debug|Any CPU.ActiveCfg = Debug|Any CPU
		{499C58E4-2C5B-4021-8494-75D968D59B9C}.Debug|Any CPU.Build.0 = Debug|Any CPU
		{499C58E4-2C5B-4021-8494-75D968D59B9C}.Release|Any CPU.ActiveCfg = Release|Any CPU
		{499C58E4-2C5B-4021-8494-75D968D59B9C}.Release|Any CPU.Build.0 = Release|Any CPU
		{76CC03B4-DBE7-4725-A07E-BD27513C5C7B}.Debug|Any CPU.ActiveCfg = Debug|Any CPU
		{76CC03B4-DBE7-4725-A07E-BD27513C5C7B}.Debug|Any CPU.Build.0 = Debug|Any CPU
		{76CC03B4-DBE7-4725-A07E-BD27513C5C7B}.Release|Any CPU.ActiveCfg = Release|Any CPU
		{76CC03B4-DBE7-4725-A07E-BD27513C5C7B}.Release|Any CPU.Build.0 = Release|Any CPU
		{6C9EFC57-FBB5-4E1D-8169-18AB7D2078FE}.Debug|Any CPU.ActiveCfg = Debug|Any CPU
		{6C9EFC57-FBB5-4E1D-8169-18AB7D2078FE}.Debug|Any CPU.Build.0 = Debug|Any CPU
		{6C9EFC57-FBB5-4E1D-8169-18AB7D2078FE}.Release|Any CPU.ActiveCfg = Release|Any CPU
		{6C9EFC57-FBB5-4E1D-8169-18AB7D2078FE}.Release|Any CPU.Build.0 = Release|Any CPU
	EndGlobalSection
	GlobalSection(SolutionProperties) = preSolution
		HideSolutionNode = FALSE
	EndGlobalSection
	GlobalSection(NestedProjects) = preSolution
		{21D1D774-19C9-4C00-BDA0-B0BBC7E21EF2} = {AC0FFEDF-EF8E-431A-BF0E-B470614BB056}
		{B4420A83-CD46-493F-A93C-A722205D97A0} = {AC0FFEDF-EF8E-431A-BF0E-B470614BB056}
		{B270431E-607A-4BBD-B210-A765EC741556} = {9EE03189-18D2-4EA5-9913-411A3F689D86}
		{40C17A5C-7F44-4197-A914-B522FB1093F7} = {6E291B39-059B-4AA6-AC6D-6F2A934FA6BB}
		{8D5BC7C5-F43B-4151-A576-529C3631288A} = {6E291B39-059B-4AA6-AC6D-6F2A934FA6BB}
		{5D081A9C-56A7-4265-AE14-417E67F63FC8} = {21D1D774-19C9-4C00-BDA0-B0BBC7E21EF2}
		{7704C1AD-7FD5-4A45-AE92-7DF3513C4D97} = {B4420A83-CD46-493F-A93C-A722205D97A0}
		{499C58E4-2C5B-4021-8494-75D968D59B9C} = {B4420A83-CD46-493F-A93C-A722205D97A0}
		{76CC03B4-DBE7-4725-A07E-BD27513C5C7B} = {B4420A83-CD46-493F-A93C-A722205D97A0}
		{6C9EFC57-FBB5-4E1D-8169-18AB7D2078FE} = {3739B39B-0B4B-44CC-9A74-497CFE676E9B}
	EndGlobalSection
	GlobalSection(ExtensibilityGlobals) = postSolution
		SolutionGuid = {EFC6B50A-DA11-4F78-A67B-5A76B5B1E408}
	EndGlobalSection
EndGlobal
